
Microsoft Visual Studio Solution File, Format Version 12.00
# Visual Studio Version 17
VisualStudioVersion = 17.7.34024.191
MinimumVisualStudioVersion = 10.0.40219.1
Project("{8BC9CEB8-8B4A-11D0-8D11-00A0C91BC942}") = "Project1", "Project1\Project1.vcxproj", "{D3114F0C-1015-4050-AB80-9F0BE7F16C49}"
EndProject
Global
	GlobalSection(SolutionConfigurationPlatforms) = preSolution
		Debug|x64 = Debug|x64
		Debug|x86 = Debug|x86
		Release|x64 = Release|x64
		Release|x86 = Release|x86
	EndGlobalSection
	GlobalSection(ProjectConfigurationPlatforms) = postSolution
		{D3114F0C-1015-4050-AB80-9F0BE7F16C49}.Debug|x64.ActiveCfg = Debug|x64
		{D3114F0C-1015-4050-AB80-9F0BE7F16C49}.Debug|x64.Build.0 = Debug|x64
		{D3114F0C-1015-4050-AB80-9F0BE7F16C49}.Debug|x86.ActiveCfg = Debug|Win32
		{D3114F0C-1015-4050-AB80-9F0BE7F16C49}.Debug|x86.Build.0 = Debug|Win32
		{D3114F0C-1015-4050-AB80-9F0BE7F16C49}.Release|x64.ActiveCfg = Release|x64
		{D3114F0C-1015-4050-AB80-9F0BE7F16C49}.Release|x64.Build.0 = Release|x64
		{D3114F0C-1015-4050-AB80-9F0BE7F16C49}.Release|x86.ActiveCfg = Release|Win32
		{D3114F0C-1015-4050-AB80-9F0BE7F16C49}.Release|x86.Build.0 = Release|Win32
	EndGlobalSection
	GlobalSection(SolutionProperties) = preSolution
		HideSolutionNode = FALSE
	EndGlobalSection
	GlobalSection(ExtensibilityGlobals) = postSolution
		SolutionGuid = {CD9268E8-3119-409F-BA77-DA186589C5C3}
	EndGlobalSection
EndGlobal
